
Microsoft Visual Studio Solution File, Format Version 12.00
# Visual Studio Version 17
VisualStudioVersion = 17.7.34031.279
MinimumVisualStudioVersion = 10.0.40219.1
Project("{FAE04EC0-301F-11D3-BF4B-00C04F79EFBC}") = "Sistema", "Sistema\Sistema.csproj", "{34EB22C2-D7CC-4FBE-AF07-CA3545D0AF05}"
EndProject
Global
	GlobalSection(SolutionConfigurationPlatforms) = preSolution
		Debug|Any CPU = Debug|Any CPU
		Release|Any CPU = Release|Any CPU
	EndGlobalSection
	GlobalSection(ProjectConfigurationPlatforms) = postSolution
		{34EB22C2-D7CC-4FBE-AF07-CA3545D0AF05}.Debug|Any CPU.ActiveCfg = Debug|Any CPU
		{34EB22C2-D7CC-4FBE-AF07-CA3545D0AF05}.Debug|Any CPU.Build.0 = Debug|Any CPU
		{34EB22C2-D7CC-4FBE-AF07-CA3545D0AF05}.Release|Any CPU.ActiveCfg = Release|Any CPU
		{34EB22C2-D7CC-4FBE-AF07-CA3545D0AF05}.Release|Any CPU.Build.0 = Release|Any CPU
	EndGlobalSection
	GlobalSection(SolutionProperties) = preSolution
		HideSolutionNode = FALSE
	EndGlobalSection
	GlobalSection(ExtensibilityGlobals) = postSolution
		SolutionGuid = {CDF0623E-A2C0-45B2-8143-A76B8C85EF4F}
	EndGlobalSection
EndGlobal
